
Microsoft Visual Studio Solution File, Format Version 12.00
# Visual Studio 15
VisualStudioVersion = 15.0.28010.2019
MinimumVisualStudioVersion = 10.0.40219.1
Project("{FAE04EC0-301F-11D3-BF4B-00C04F79EFBC}") = "program", "program\program.csproj", "{734B40A5-A4BD-44F8-8FB3-616D62720908}"
EndProject
Project("{FAE04EC0-301F-11D3-BF4B-00C04F79EFBC}") = "programTests", "programTests\programTests.csproj", "{3B359B44-6A65-4874-8396-B5D27A915507}"
EndProject
Global
	GlobalSection(SolutionConfigurationPlatforms) = preSolution
		Debug|Any CPU = Debug|Any CPU
		Release|Any CPU = Release|Any CPU
	EndGlobalSection
	GlobalSection(ProjectConfigurationPlatforms) = postSolution
		{734B40A5-A4BD-44F8-8FB3-616D62720908}.Debug|Any CPU.ActiveCfg = Debug|Any CPU
		{734B40A5-A4BD-44F8-8FB3-616D62720908}.Debug|Any CPU.Build.0 = Debug|Any CPU
		{734B40A5-A4BD-44F8-8FB3-616D62720908}.Release|Any CPU.ActiveCfg = Release|Any CPU
		{734B40A5-A4BD-44F8-8FB3-616D62720908}.Release|Any CPU.Build.0 = Release|Any CPU
		{3B359B44-6A65-4874-8396-B5D27A915507}.Debug|Any CPU.ActiveCfg = Debug|Any CPU
		{3B359B44-6A65-4874-8396-B5D27A915507}.Debug|Any CPU.Build.0 = Debug|Any CPU
		{3B359B44-6A65-4874-8396-B5D27A915507}.Release|Any CPU.ActiveCfg = Release|Any CPU
		{3B359B44-6A65-4874-8396-B5D27A915507}.Release|Any CPU.Build.0 = Release|Any CPU
	EndGlobalSection
	GlobalSection(SolutionProperties) = preSolution
		HideSolutionNode = FALSE
	EndGlobalSection
	GlobalSection(ExtensibilityGlobals) = postSolution
		SolutionGuid = {90E3A60B-D562-4C22-B74D-47353906D5F7}
	EndGlobalSection
EndGlobal
